
Microsoft Visual Studio Solution File, Format Version 11.00
# Visual C# Express 2010
Project("{FAE04EC0-301F-11D3-BF4B-00C04F79EFBC}") = "ptdodoexport", "ptdodoexport\ptdodoexport.csproj", "{03C3CB75-4DBF-4D3D-B590-A97662CD274F}"
EndProject
Global
	GlobalSection(SolutionConfigurationPlatforms) = preSolution
		Debug|x86 = Debug|x86
		Release|x86 = Release|x86
	EndGlobalSection
	GlobalSection(ProjectConfigurationPlatforms) = postSolution
		{03C3CB75-4DBF-4D3D-B590-A97662CD274F}.Debug|x86.ActiveCfg = Debug|x86
		{03C3CB75-4DBF-4D3D-B590-A97662CD274F}.Debug|x86.Build.0 = Debug|x86
		{03C3CB75-4DBF-4D3D-B590-A97662CD274F}.Release|x86.ActiveCfg = Release|x86
		{03C3CB75-4DBF-4D3D-B590-A97662CD274F}.Release|x86.Build.0 = Release|x86
	EndGlobalSection
	GlobalSection(SolutionProperties) = preSolution
		HideSolutionNode = FALSE
	EndGlobalSection
EndGlobal
